# This file is autogenerated, do not edit; changes may be undone by the next 'dep ensure'.


[[projects]]
  digest = "1:9dd7c83a73f21b3cf8a433e340d302be7a5b9db258b6002b7dce269957feadf8"
  name = "cloud.google.com/go"
  packages = [
    ".",
    "compute/metadata",
    "iam",
    "internal",
    "internal/optional",
    "internal/trace",
    "internal/version",
    "storage",
  ]
  pruneopts = "UT"
  revision = "d891ce4894460c9fdc007a4f334e864055085976"
  version = "v0.66.0"

[[projects]]
  digest = "1:1697ded71f3aa4679240eade80f29fb20b839c8070ad4eb4a5dea09ce808b6bf"
  name = "github.com/aws/aws-sdk-go"
  packages = [
    "aws",
    "aws/arn",
    "aws/awserr",
    "aws/awsutil",
    "aws/client",
    "aws/client/metadata",
    "aws/corehandlers",
    "aws/credentials",
    "aws/credentials/ec2rolecreds",
    "aws/credentials/endpointcreds",
    "aws/credentials/processcreds",
    "aws/credentials/stscreds",
    "aws/csm",
    "aws/defaults",
    "aws/ec2metadata",
    "aws/endpoints",
    "aws/request",
    "aws/session",
    "aws/signer/v4",
    "internal/context",
    "internal/ini",
    "internal/s3err",
    "internal/sdkio",
    "internal/sdkmath",
    "internal/sdkrand",
    "internal/sdkuri",
    "internal/shareddefaults",
    "internal/strings",
    "internal/sync/singleflight",
    "private/checksum",
    "private/protocol",
    "private/protocol/eventstream",
    "private/protocol/eventstream/eventstreamapi",
    "private/protocol/json/jsonutil",
    "private/protocol/query",
    "private/protocol/query/queryutil",
    "private/protocol/rest",
    "private/protocol/restxml",
    "private/protocol/xml/xmlutil",
    "service/s3",
    "service/s3/internal/arn",
    "service/sts",
    "service/sts/stsiface",
  ]
  pruneopts = "UT"
  revision = "419f55f10dad889afd5af70e5773f963683943cf"
  version = "v1.34.32"

[[projects]]
  digest = "1:d6afaeed1502aa28e80a4ed0981d570ad91b2579193404256ce672ed0a609e0d"
  name = "github.com/beorn7/perks"
  packages = ["quantile"]
  pruneopts = "UT"
  revision = "37c8de3658fcb183f997c4e13e8337516ab753e6"
  version = "v1.0.1"

[[projects]]
  branch = "master"
  digest = "1:1ba1d79f2810270045c328ae5d674321db34e3aae468eb4233883b473c5c0467"
  name = "github.com/golang/glog"
  packages = ["."]
  pruneopts = "UT"
  revision = "23def4e6c14b4da8ac2ed8007337bc5eb5007998"

[[projects]]
  branch = "master"
  digest = "1:b7cb6054d3dff43b38ad2e92492f220f57ae6087ee797dca298139776749ace8"
  name = "github.com/golang/groupcache"
  packages = ["lru"]
  pruneopts = "UT"
  revision = "8c9f03a8e57eb486e42badaed3fb287da51807ba"

[[projects]]
  digest = "1:ead75e2de011d7ef2ed42f60c2c6202bd1a46d9eff5d47532bac501ac53363d1"
  name = "github.com/golang/protobuf"
  packages = [
    "internal/gengogrpc",
    "proto",
    "protoc-gen-go",
    "ptypes",
    "ptypes/any",
    "ptypes/duration",
    "ptypes/timestamp",
  ]
  pruneopts = "UT"
  revision = "d04d7b157bb510b1e0c10132224b616ac0e26b17"
  version = "v1.4.2"

[[projects]]
  branch = "master"
  digest = "1:1073b6851142e8f2b75558fcd995d3ff30fd39191de081c4180cebc520a74706"
  name = "github.com/google/readahead"
  packages = ["."]
  pruneopts = "UT"
  revision = "eaceba16903255cb149d1efc316f6cc83d765268"

[[projects]]
  digest = "1:766102087520f9d54f2acc72bd6637045900ac735b4a419b128d216f0c5c4876"
  name = "github.com/googleapis/gax-go"
  packages = ["v2"]
  pruneopts = "UT"
  revision = "bd5b16380fd03dc758d11cef74ba2e3bc8b0e8c2"
  version = "v2.0.5"

[[projects]]
  branch = "master"
  digest = "1:1603e01807282b28d48f5f735b92f6745b8f2932c6433a558e0d5ac6ba373505"
  name = "github.com/jacobsa/fuse"
  packages = [
    ".",
    "fuseops",
    "fuseutil",
    "internal/buffer",
    "internal/freelist",
    "internal/fusekernel",
  ]
  pruneopts = "UT"
  revision = "f8927095af0331bb07dc5bf3628998f6164a32d6"

[[projects]]
  digest = "1:bb81097a5b62634f3e9fec1014657855610c82d19b9a40c17612e32651e35dca"
  name = "github.com/jmespath/go-jmespath"
  packages = ["."]
  pruneopts = "UT"
  revision = "c2b33e84"

[[projects]]
  digest = "1:076c531484852c227471112d49465873aaad47e5ad6e1aec3a5b092a436117ef"
  name = "github.com/jstemmer/go-junit-report"
  packages = [
    ".",
    "formatter",
    "parser",
  ]
  pruneopts = "UT"
  revision = "cc1f095d5cc5eca2844f5c5ea7bb37f6b9bf6cac"
  version = "v0.9.1"

[[projects]]
  digest = "1:0c58d31abe2a2ccb429c559b6292e7df89dcda675456fecc282fa90aa08273eb"
  name = "github.com/mattn/go-isatty"
  packages = ["."]
  pruneopts = "UT"
  revision = "7b513a986450394f7bbf1476909911b3aa3a55ce"
  version = "v0.0.12"

[[projects]]
  digest = "1:ff5ebae34cfbf047d505ee150de27e60570e8c394b3b8fdbb720ff6ac71985fc"
  name = "github.com/matttproud/golang_protobuf_extensions"
  packages = ["pbutil"]
  pruneopts = "UT"
  revision = "c12348ce28de40eed0136aa2b644d0ee0650e56c"
  version = "v1.0.1"

[[projects]]
  branch = "master"
  digest = "1:f92e96862c748fee51732097d59e7c2d9a07600fd696add165717177c5dcdfca"
  name = "github.com/pquerna/ffjson"
  packages = [
    "ffjson",
    "fflib/v1",
    "fflib/v1/internal",
  ]
  pruneopts = "UT"
  revision = "aa0246cd15f76c96de6b96f22a305bdfb2d1ec02"

[[projects]]
  digest = "1:eb04f69c8991e52eff33c428bd729e04208bf03235be88e4df0d88497c6861b9"
  name = "github.com/prometheus/client_golang"
  packages = [
    "prometheus",
    "prometheus/internal",
    "prometheus/promhttp",
  ]
  pruneopts = "UT"
  revision = "170205fb58decfd011f1550d4cfb737230d7ae4f"
  version = "v1.1.0"

[[projects]]
  digest = "1:0db23933b8052702d980a3f029149b3f175f7c0eea0cff85b175017d0f2722c0"
  name = "github.com/prometheus/client_model"
  packages = ["go"]
  pruneopts = "UT"
  revision = "7bc5445566f0fe75b15de23e6b93886e982d7bf9"
  version = "v0.2.0"

[[projects]]
  digest = "1:4407525bde4e6ad9c1f60113d38cbb255d769e0ea506c8cf877db39da7753b3a"
  name = "github.com/prometheus/common"
  packages = [
    "expfmt",
    "internal/bitbucket.org/ww/goautoneg",
    "model",
  ]
  pruneopts = "UT"
  revision = "317b7b125e8fddda956d0c9574e5f03f438ed5bc"
  version = "v0.14.0"

[[projects]]
  digest = "1:b2268435af85ee1a0fca0e37de4225f78e2d9d8b0b66acde3a29f127634efa87"
  name = "github.com/prometheus/procfs"
  packages = [
    ".",
    "internal/fs",
    "internal/util",
  ]
  pruneopts = "UT"
  revision = "9dece15c53cd5e9fbfbd72d5108adcf526a3f486"
  version = "v0.2.0"

[[projects]]
  branch = "master"
  digest = "1:66bcd8ca25ea0a6f51ce23bc8ed6ccbf7d131b8dd1234c11b9fe8216c3f9c7b6"
  name = "github.com/remyoudompheng/bigfft"
  packages = ["."]
  pruneopts = "UT"
  revision = "eec4a21b6bb01e5c1260ca5e04d0c58e11e20f30"

[[projects]]
  digest = "1:754aa6dc8ab333bda347a7d4732ac4bb30cbdc8cfe87af31813723d71980324f"
  name = "go.opencensus.io"
  packages = [
    ".",
    "internal",
    "internal/tagencoding",
    "metric/metricdata",
    "metric/metricproducer",
    "plugin/ochttp",
    "plugin/ochttp/propagation/b3",
    "resource",
    "stats",
    "stats/internal",
    "stats/view",
    "tag",
    "trace",
    "trace/internal",
    "trace/propagation",
    "trace/tracestate",
  ]
  pruneopts = "UT"
  revision = "5fa069b99bc903d713add0295c7e0a55d34ae573"
  version = "v0.22.4"

[[projects]]
  branch = "master"
  digest = "1:9b9a1076f6c9cbec1140e6e3364b5de7c02c19e51a1f5c4b965e142158683f6d"
  name = "golang.org/x/crypto"
  packages = [
    "argon2",
    "blake2b",
    "hkdf",
    "ssh/terminal",
  ]
  pruneopts = "UT"
  revision = "5c72a883971a4325f8c62bf07b6d38c20ea47a6a"

[[projects]]
  branch = "master"
  digest = "1:3403849330a8ab0adfff079dc6c6ad7bd8961a4a6891d05b9797063b4024f623"
  name = "golang.org/x/lint"
  packages = [
    ".",
    "golint",
  ]
  pruneopts = "UT"
  revision = "738671d3881b9731cc63024d5d88cf28db875626"

[[projects]]
  digest = "1:467bb8fb8fa786448b8d486cd0bb7c1a5577dcd7310441aa02a20110cd9f727d"
  name = "golang.org/x/mod"
  packages = [
    "module",
    "semver",
  ]
  pruneopts = "UT"
  revision = "859b3ef565e237f9f1a0fb6b55385c497545680d"
  version = "v0.3.0"

[[projects]]
  branch = "master"
  digest = "1:19a71f566779a89faad810c877a6393e934618f45c51fd2675a67627e4f9054a"
  name = "golang.org/x/net"
  packages = [
    "context",
    "context/ctxhttp",
    "http/httpguts",
    "http2",
    "http2/hpack",
    "idna",
    "internal/timeseries",
    "trace",
  ]
  pruneopts = "UT"
  revision = "5d4f7005572804eaf7f5ecdd2473a62557f733ba"

[[projects]]
  branch = "master"
  digest = "1:13440f3604489fc83b51a4022efc6fd7a29888c262a4a915362e65d08cf94b76"
  name = "golang.org/x/oauth2"
  packages = [
    ".",
    "google",
    "internal",
    "jws",
    "jwt",
  ]
  pruneopts = "UT"
  revision = "5d25da1a8d43b66f2898c444f899c7bcfd6a407e"

[[projects]]
  branch = "master"
  digest = "1:0453066520c7374f24af8797f1f03d8b5d4485152c8be4b82d293ec1efcd8f8d"
  name = "golang.org/x/sys"
  packages = [
    "cpu",
    "internal/unsafeheader",
    "unix",
    "windows",
  ]
  pruneopts = "UT"
  revision = "9d91bd62050c7b3011b7df0d2a4daa0042684420"

[[projects]]
  digest = "1:fa940333c48808b0d86ef21f412ffcfd0e5084a82f13905c028a404803b1908f"
  name = "golang.org/x/text"
  packages = [
    "collate",
    "collate/build",
    "internal/colltab",
    "internal/gen",
    "internal/language",
    "internal/language/compact",
    "internal/tag",
    "internal/triegen",
    "internal/ucd",
    "language",
    "secure/bidirule",
    "transform",
    "unicode/bidi",
    "unicode/cldr",
    "unicode/norm",
    "unicode/rangetable",
  ]
  pruneopts = "UT"
  revision = "23ae387dee1f90d29a23c0e87ee0b46038fbed0e"
  version = "v0.3.3"

[[projects]]
  branch = "master"
  digest = "1:1310f9f878aab50db36c904a082d565373b714e03765d42ea910091d9628c2d8"
  name = "golang.org/x/tools"
  packages = [
    "cmd/goimports",
    "go/ast/astutil",
    "go/gcexportdata",
    "go/internal/gcimporter",
    "go/types/typeutil",
    "internal/event",
    "internal/event/core",
    "internal/event/keys",
    "internal/event/label",
    "internal/fastwalk",
    "internal/gocommand",
    "internal/gopathwalk",
    "internal/imports",
  ]
  pruneopts = "UT"
  revision = "5d1fdd8fa3469142b9369713b23d8413d6d83189"

[[projects]]
  branch = "master"
  digest = "1:918a46e4a2fb83df33f668f5a6bd51b2996775d073fce1800d3ec01b0a5ddd2b"
  name = "golang.org/x/xerrors"
  packages = [
    ".",
    "internal",
  ]
  pruneopts = "UT"
  revision = "5ec99f83aff198f5fbd629d6c8d8eb38a04218ca"

[[projects]]
  digest = "1:60dd07f7cd2123d6613ba633bd49f221b5ddea489656f5ea23074418ae05d64e"
  name = "google.golang.org/api"
  packages = [
    "googleapi",
    "googleapi/transport",
    "internal",
    "internal/gensupport",
    "internal/impersonate",
    "internal/third_party/uritemplates",
    "iterator",
    "option",
    "option/internaloption",
    "storage/v1",
    "transport/cert",
    "transport/http",
    "transport/http/internal/propagation",
  ]
  pruneopts = "UT"
  revision = "c0067489eddd6a0c8aad7c6f9ac0ebd946c0f3d8"
  version = "v0.32.0"

[[projects]]
  digest = "1:14c413c64fab6d835c4e31671369f68ac7f38d2087c968eb2e55d8105b6b420d"
  name = "google.golang.org/appengine"
  packages = [
    ".",
    "internal",
    "internal/app_identity",
    "internal/base",
    "internal/datastore",
    "internal/log",
    "internal/modules",
    "internal/remote_api",
    "internal/urlfetch",
    "urlfetch",
  ]
  pruneopts = "UT"
  revision = "553959209a20f3be281c16dd5be5c740a893978f"
  version = "v1.6.6"

[[projects]]
  branch = "master"
  digest = "1:a5786e2153bc0ee9b5ea8c91bed284712d0732aba8336bb16efe0e2739440554"
  name = "google.golang.org/genproto"
  packages = [
    "googleapis/api/annotations",
    "googleapis/iam/v1",
    "googleapis/rpc/code",
    "googleapis/rpc/status",
    "googleapis/type/expr",
  ]
  pruneopts = "UT"
  revision = "c2d885f9548493005e332d937a50198178ae0ef8"

[[projects]]
  digest = "1:0ab185e79c1a8966a351a4012bd51303a7bd8bb90d7d7d3cbdecada3e6b4057f"
  name = "google.golang.org/grpc"
  packages = [
    ".",
    "attributes",
    "backoff",
    "balancer",
    "balancer/base",
    "balancer/grpclb/state",
    "balancer/roundrobin",
    "binarylog/grpc_binarylog_v1",
    "codes",
    "connectivity",
    "credentials",
    "encoding",
    "encoding/proto",
    "grpclog",
    "internal",
    "internal/backoff",
    "internal/balancerload",
    "internal/binarylog",
    "internal/buffer",
    "internal/channelz",
    "internal/credentials",
    "internal/envconfig",
    "internal/grpclog",
    "internal/grpcrand",
    "internal/grpcsync",
    "internal/grpcutil",
    "internal/resolver/dns",
    "internal/resolver/passthrough",
    "internal/serviceconfig",
    "internal/status",
    "internal/syscall",
    "internal/transport",
    "keepalive",
    "metadata",
    "peer",
    "resolver",
    "serviceconfig",
    "stats",
    "status",
    "tap",
  ]
  pruneopts = "UT"
  revision = "5e8f83304c0563d1ba74db05fee83d9c18ab9a58"
  version = "v1.32.0"

[[projects]]
  digest = "1:a13c8223dba9f3f6788b8942e80cb81d42a0b7cc8f9d741de7b78238a2588177"
  name = "google.golang.org/protobuf"
  packages = [
    "cmd/protoc-gen-go/internal_gengo",
    "compiler/protogen",
    "encoding/prototext",
    "encoding/protowire",
    "internal/descfmt",
    "internal/descopts",
    "internal/detrand",
    "internal/encoding/defval",
    "internal/encoding/messageset",
    "internal/encoding/tag",
    "internal/encoding/text",
    "internal/errors",
    "internal/fieldsort",
    "internal/filedesc",
    "internal/filetype",
    "internal/flags",
    "internal/genid",
    "internal/impl",
    "internal/mapsort",
    "internal/pragma",
    "internal/set",
    "internal/strs",
    "internal/version",
    "proto",
    "reflect/protodesc",
    "reflect/protoreflect",
    "reflect/protoregistry",
    "runtime/protoiface",
    "runtime/protoimpl",
    "types/descriptorpb",
    "types/known/anypb",
    "types/known/durationpb",
    "types/known/timestamppb",
    "types/pluginpb",
  ]
  pruneopts = "UT"
  revision = "3f7a61f89bb6813f89d981d1870ed68da0b3c3f1"
  version = "v1.25.0"

[[projects]]
  branch = "master"
  digest = "1:232eb70324974494b1bf9d69df16822b5fdc268cbe93fd55773c9a1f15fc31f6"
  name = "gopkg.in/kothar/go-backblaze.v0"
  packages = ["."]
  pruneopts = "UT"
  revision = "7594ed38700f5ca3fc7da8f8c7b91b0526ee66f2"

[[projects]]
  digest = "1:d7f1bd887dc650737a421b872ca883059580e9f8314d601f88025df4f4802dce"
  name = "gopkg.in/yaml.v2"
  packages = ["."]
  pruneopts = "UT"
  revision = "0b1645d91e851e735d3e23330303ce81f70adbe3"
  version = "v2.3.0"

[[projects]]
  digest = "1:f9fb5e575e7d4298d6ad694b0712dc2813aa3c9ec4e862d9ffff2bb265f7c490"
  name = "modernc.org/cc"
  packages = ["v3"]
  pruneopts = "UT"
  revision = "9ff2e70a3262c18d7d8f02f63420345b0f1e5dc8"
  version = "v3.26.0"

[[projects]]
  digest = "1:e300d2ae881970009bc93704f674ebea379b1d282c191c34123eda52444c2572"
  name = "modernc.org/libc"
  packages = [
    ".",
    "errno",
    "fcntl",
    "fts",
    "grp",
    "honnef.co/go/netdb",
    "langinfo",
    "limits",
    "netdb",
    "netinet/in",
    "pwd",
    "signal",
    "stdio",
    "sys/socket",
    "sys/stat",
    "sys/types",
    "termios",
    "time",
    "unistd",
  ]
  pruneopts = "UT"
  revision = "b3aa1596bd495d3feff88f563519b18c92b399ce"
  version = "v1.3.1"

[[projects]]
  digest = "1:7c6c4924e628db9d8c0dc62d5433cb4d148bda5d08b7f87454a1d638c2dfc58f"
  name = "modernc.org/mathutil"
  packages = ["."]
  pruneopts = "UT"
  revision = "2a1ec38753120140e021fd5f51912fc600f7f4de"
  version = "v1.1.1"

[[projects]]
  digest = "1:66950679ec1934fa761845d0927c10db8cff25dddfa900269f655e16730aafdf"
  name = "modernc.org/memory"
  packages = ["."]
  pruneopts = "UT"
  revision = "456baf95175317ca2a91a541bfaba19151a9d817"
  version = "v1.0.1"

[[projects]]
  digest = "1:dc54017caa5fe0ab89f452c2e484a63a3a7f968d8177e29deb391596e1036271"
  name = "modernc.org/sqlite"
  packages = [
    ".",
    "lib",
  ]
  pruneopts = "UT"
  revision = "736c530ac70b31867445bbf0212e308467fb53b3"
  version = "v1.7.3"

[[projects]]
  digest = "1:53713f38dfcb6cf3b8cb5c8d01541a2dcab03e0d4351b7839e84f22ef4dd98d6"
  name = "modernc.org/strutil"
  packages = ["."]
  pruneopts = "UT"
  revision = "9654ad6deeb404d1ca68c1d66d008bbaf3e2c50e"
  version = "v1.1.0"

[[projects]]
  digest = "1:3e2c6a84bbb17446c08ffe16fad5e59555d49a6036ab99a6270d8a6040a480f0"
  name = "modernc.org/token"
  packages = ["."]
  pruneopts = "UT"
  revision = "46658f20d51b8d0b6c4c551c363c8510c30c2a72"
  version = "v1.0.0"

[solve-meta]
  analyzer-name = "dep"
  analyzer-version = 1
  input-imports = [
    "cloud.google.com/go/storage",
    "github.com/aws/aws-sdk-go/aws",
    "github.com/aws/aws-sdk-go/aws/awserr",
    "github.com/aws/aws-sdk-go/aws/credentials",
    "github.com/aws/aws-sdk-go/aws/session",
    "github.com/aws/aws-sdk-go/service/s3",
    "github.com/jacobsa/fuse",
    "github.com/jacobsa/fuse/fuseops",
    "github.com/jacobsa/fuse/fuseutil",
    "github.com/prometheus/client_golang/prometheus",
    "github.com/prometheus/client_golang/prometheus/promhttp",
    "golang.org/x/crypto/argon2",
    "golang.org/x/crypto/hkdf",
    "golang.org/x/crypto/ssh/terminal",
    "gopkg.in/kothar/go-backblaze.v0",
    "gopkg.in/yaml.v2",
    "modernc.org/sqlite",
  ]
  solver-name = "gps-cdcl"
  solver-version = 1
